
Microsoft Visual Studio Solution File, Format Version 12.00
# Visual Studio Version 16
VisualStudioVersion = 16.0.31911.196
MinimumVisualStudioVersion = 10.0.40219.1
Project("{FAE04EC0-301F-11D3-BF4B-00C04F79EFBC}") = "cars assemble", "cars assemble\cars assemble.csproj", "{C09B1833-D3EC-4F5E-99BB-B0470E56A346}"
EndProject
Global
	GlobalSection(SolutionConfigurationPlatforms) = preSolution
		Debug|Any CPU = Debug|Any CPU
		Release|Any CPU = Release|Any CPU
	EndGlobalSection
	GlobalSection(ProjectConfigurationPlatforms) = postSolution
		{C09B1833-D3EC-4F5E-99BB-B0470E56A346}.Debug|Any CPU.ActiveCfg = Debug|Any CPU
		{C09B1833-D3EC-4F5E-99BB-B0470E56A346}.Debug|Any CPU.Build.0 = Debug|Any CPU
		{C09B1833-D3EC-4F5E-99BB-B0470E56A346}.Release|Any CPU.ActiveCfg = Release|Any CPU
		{C09B1833-D3EC-4F5E-99BB-B0470E56A346}.Release|Any CPU.Build.0 = Release|Any CPU
	EndGlobalSection
	GlobalSection(SolutionProperties) = preSolution
		HideSolutionNode = FALSE
	EndGlobalSection
	GlobalSection(ExtensibilityGlobals) = postSolution
		SolutionGuid = {BE5B627F-402A-488D-9E20-42D146F5BC0B}
	EndGlobalSection
EndGlobal
