
Microsoft Visual Studio Solution File, Format Version 12.00
# Visual Studio Version 16
VisualStudioVersion = 16.0.31911.196
MinimumVisualStudioVersion = 10.0.40219.1
Project("{FAE04EC0-301F-11D3-BF4B-00C04F79EFBC}") = "2b", "2b\2b.csproj", "{B163DFD2-6732-4E72-9A57-4BB108F8DFC8}"
EndProject
Global
	GlobalSection(SolutionConfigurationPlatforms) = preSolution
		Debug|Any CPU = Debug|Any CPU
		Release|Any CPU = Release|Any CPU
	EndGlobalSection
	GlobalSection(ProjectConfigurationPlatforms) = postSolution
		{B163DFD2-6732-4E72-9A57-4BB108F8DFC8}.Debug|Any CPU.ActiveCfg = Debug|Any CPU
		{B163DFD2-6732-4E72-9A57-4BB108F8DFC8}.Debug|Any CPU.Build.0 = Debug|Any CPU
		{B163DFD2-6732-4E72-9A57-4BB108F8DFC8}.Release|Any CPU.ActiveCfg = Release|Any CPU
		{B163DFD2-6732-4E72-9A57-4BB108F8DFC8}.Release|Any CPU.Build.0 = Release|Any CPU
	EndGlobalSection
	GlobalSection(SolutionProperties) = preSolution
		HideSolutionNode = FALSE
	EndGlobalSection
	GlobalSection(ExtensibilityGlobals) = postSolution
		SolutionGuid = {EF42F4C0-D870-4269-A377-B04171150711}
	EndGlobalSection
EndGlobal
