
Microsoft Visual Studio Solution File, Format Version 12.00
# Visual Studio Version 16
VisualStudioVersion = 16.0.31911.196
MinimumVisualStudioVersion = 10.0.40219.1
Project("{FAE04EC0-301F-11D3-BF4B-00C04F79EFBC}") = "interfacehandson", "interfacehandson\interfacehandson.csproj", "{B6FB1F93-6BB8-4CA5-9DC0-3BFE3994274F}"
EndProject
Global
	GlobalSection(SolutionConfigurationPlatforms) = preSolution
		Debug|Any CPU = Debug|Any CPU
		Release|Any CPU = Release|Any CPU
	EndGlobalSection
	GlobalSection(ProjectConfigurationPlatforms) = postSolution
		{B6FB1F93-6BB8-4CA5-9DC0-3BFE3994274F}.Debug|Any CPU.ActiveCfg = Debug|Any CPU
		{B6FB1F93-6BB8-4CA5-9DC0-3BFE3994274F}.Debug|Any CPU.Build.0 = Debug|Any CPU
		{B6FB1F93-6BB8-4CA5-9DC0-3BFE3994274F}.Release|Any CPU.ActiveCfg = Release|Any CPU
		{B6FB1F93-6BB8-4CA5-9DC0-3BFE3994274F}.Release|Any CPU.Build.0 = Release|Any CPU
	EndGlobalSection
	GlobalSection(SolutionProperties) = preSolution
		HideSolutionNode = FALSE
	EndGlobalSection
	GlobalSection(ExtensibilityGlobals) = postSolution
		SolutionGuid = {E00FB436-6736-4E87-96E6-81CB6F5CD86C}
	EndGlobalSection
EndGlobal
